Microsoft Visual Studio Solution File, Format Version 12.00
# Visual Studio Version 16
VisualStudioVersion = 16.0.28803.452
MinimumVisualStudioVersion = 10.0.40219.1
Project("{9A19103F-16F7-4668-BE54-9A1E7A4F7556}") = "CodeGenerator", "tools\CodeGenerator\CodeGenerator.csproj", "{97BF6BA4-89F9-45C5-9440-DF0277669822}"
EndProject
Project("{2150E333-8FDC-42A3-9474-1A3956D46DE8}") = "Build", "Build", "{BE5EC3BC-39CD-439B-BC2C-613A55C0F854}"
	ProjectSection(SolutionItems) = preProject
		.editorconfig = .editorconfig
		appveyor.yml = appveyor.yml
		Directory.Build.props = Directory.Build.props
		Directory.Build.targets = Directory.Build.targets
		EFCoreNotes.md = EFCoreNotes.md
		global.json = global.json
		NuGet.config = NuGet.config
		README.md = README.md
		eng\Versions.props = eng\Versions.props
		eng\VisualStudio.props = eng\VisualStudio.props
		eng\VisualStudio.targets = eng\VisualStudio.targets
	EndProjectSection
EndProject
Project("{9A19103F-16F7-4668-BE54-9A1E7A4F7556}") = "Microsoft.OpenApi.CodeGeneration", "src\Microsoft.OpenApi.CodeGeneration\Microsoft.OpenApi.CodeGeneration.csproj", "{12613504-2771-4A96-BD07-FB096928138F}"
EndProject
Project("{2150E333-8FDC-42A3-9474-1A3956D46DE8}") = "Tools", "Tools", "{07A3BD09-3668-4070-A060-BCE687038D02}"
EndProject
Project("{2150E333-8FDC-42A3-9474-1A3956D46DE8}") = "Core", "Core", "{ACBFC54F-62C3-4A64-9718-E430824D6E17}"
EndProject
Global
	GlobalSection(SolutionConfigurationPlatforms) = preSolution
		Debug|Any CPU = Debug|Any CPU
		Release|Any CPU = Release|Any CPU
	EndGlobalSection
	GlobalSection(ProjectConfigurationPlatforms) = postSolution
		{97BF6BA4-89F9-45C5-9440-DF0277669822}.Debug|Any CPU.ActiveCfg = Debug|Any CPU
		{97BF6BA4-89F9-45C5-9440-DF0277669822}.Release|Any CPU.ActiveCfg = Release|Any CPU
		{12613504-2771-4A96-BD07-FB096928138F}.Debug|Any CPU.ActiveCfg = Debug|Any CPU
		{12613504-2771-4A96-BD07-FB096928138F}.Debug|Any CPU.Build.0 = Debug|Any CPU
		{12613504-2771-4A96-BD07-FB096928138F}.Release|Any CPU.ActiveCfg = Release|Any CPU
		{12613504-2771-4A96-BD07-FB096928138F}.Release|Any CPU.Build.0 = Release|Any CPU
	EndGlobalSection
	GlobalSection(SolutionProperties) = preSolution
		HideSolutionNode = FALSE
	EndGlobalSection
	GlobalSection(NestedProjects) = preSolution
		{97BF6BA4-89F9-45C5-9440-DF0277669822} = {07A3BD09-3668-4070-A060-BCE687038D02}
		{12613504-2771-4A96-BD07-FB096928138F} = {ACBFC54F-62C3-4A64-9718-E430824D6E17}
	EndGlobalSection
	GlobalSection(ExtensibilityGlobals) = postSolution
		SolutionGuid = {8995280C-C576-4653-9C44-6689B7F39633}
	EndGlobalSection
EndGlobal
